
Microsoft Visual Studio Solution File, Format Version 12.00
# Visual Studio Version 17
VisualStudioVersion = 17.5.002.0
MinimumVisualStudioVersion = 10.0.40219.1
Project("{9A19103F-16F7-4668-BE54-9A1E7A4F7556}") = "ChartInWordDocDemo", "ChartInWordDocDemo\ChartInWordDocDemo.csproj", "{CDBF3CE9-61A1-4E33-8E1E-5AC5C94096C3}"
EndProject
Global
	GlobalSection(SolutionConfigurationPlatforms) = preSolution
		Debug|Any CPU = Debug|Any CPU
		Release|Any CPU = Release|Any CPU
	EndGlobalSection
	GlobalSection(ProjectConfigurationPlatforms) = postSolution
		{CDBF3CE9-61A1-4E33-8E1E-5AC5C94096C3}.Debug|Any CPU.ActiveCfg = Debug|Any CPU
		{CDBF3CE9-61A1-4E33-8E1E-5AC5C94096C3}.Debug|Any CPU.Build.0 = Debug|Any CPU
		{CDBF3CE9-61A1-4E33-8E1E-5AC5C94096C3}.Release|Any CPU.ActiveCfg = Release|Any CPU
		{CDBF3CE9-61A1-4E33-8E1E-5AC5C94096C3}.Release|Any CPU.Build.0 = Release|Any CPU
	EndGlobalSection
	GlobalSection(SolutionProperties) = preSolution
		HideSolutionNode = FALSE
	EndGlobalSection
	GlobalSection(ExtensibilityGlobals) = postSolution
		SolutionGuid = {FB8E756D-04EF-4E6B-897B-D04A0D04B7B1}
	EndGlobalSection
EndGlobal
